
Microsoft Visual Studio Solution File, Format Version 12.00
# Visual Studio Version 17
VisualStudioVersion = 17.1.32228.430
MinimumVisualStudioVersion = 10.0.40219.1
Project("{FAE04EC0-301F-11D3-BF4B-00C04F79EFBC}") = "Opdracht2", "Opdracht2\Opdracht2.csproj", "{69EE494A-C4E4-48A8-A051-C7CB7F23D369}"
EndProject
Global
	GlobalSection(SolutionConfigurationPlatforms) = preSolution
		Debug|Any CPU = Debug|Any CPU
		Release|Any CPU = Release|Any CPU
	EndGlobalSection
	GlobalSection(ProjectConfigurationPlatforms) = postSolution
		{69EE494A-C4E4-48A8-A051-C7CB7F23D369}.Debug|Any CPU.ActiveCfg = Debug|Any CPU
		{69EE494A-C4E4-48A8-A051-C7CB7F23D369}.Debug|Any CPU.Build.0 = Debug|Any CPU
		{69EE494A-C4E4-48A8-A051-C7CB7F23D369}.Release|Any CPU.ActiveCfg = Release|Any CPU
		{69EE494A-C4E4-48A8-A051-C7CB7F23D369}.Release|Any CPU.Build.0 = Release|Any CPU
	EndGlobalSection
	GlobalSection(SolutionProperties) = preSolution
		HideSolutionNode = FALSE
	EndGlobalSection
	GlobalSection(ExtensibilityGlobals) = postSolution
		SolutionGuid = {FE5554E3-7F7A-40C2-A17B-B0278CD2FB3C}
	EndGlobalSection
EndGlobal
