
Microsoft Visual Studio Solution File, Format Version 12.00
# Visual Studio Version 17
VisualStudioVersion = 17.1.32228.430
MinimumVisualStudioVersion = 10.0.40219.1
Project("{FAE04EC0-301F-11D3-BF4B-00C04F79EFBC}") = "method opdracht 1", "method opdracht 1\method opdracht 1.csproj", "{6516A638-0D53-4049-898A-741A40024F9D}"
EndProject
Project("{FAE04EC0-301F-11D3-BF4B-00C04F79EFBC}") = "method opdracht 2", "method opdracht 2\method opdracht 2\method opdracht 2.csproj", "{F3150834-B005-4A5F-8AB6-3AF58AAC804F}"
EndProject
Global
	GlobalSection(SolutionConfigurationPlatforms) = preSolution
		Debug|Any CPU = Debug|Any CPU
		Release|Any CPU = Release|Any CPU
	EndGlobalSection
	GlobalSection(ProjectConfigurationPlatforms) = postSolution
		{6516A638-0D53-4049-898A-741A40024F9D}.Debug|Any CPU.ActiveCfg = Debug|Any CPU
		{6516A638-0D53-4049-898A-741A40024F9D}.Debug|Any CPU.Build.0 = Debug|Any CPU
		{6516A638-0D53-4049-898A-741A40024F9D}.Release|Any CPU.ActiveCfg = Release|Any CPU
		{6516A638-0D53-4049-898A-741A40024F9D}.Release|Any CPU.Build.0 = Release|Any CPU
		{F3150834-B005-4A5F-8AB6-3AF58AAC804F}.Debug|Any CPU.ActiveCfg = Debug|Any CPU
		{F3150834-B005-4A5F-8AB6-3AF58AAC804F}.Debug|Any CPU.Build.0 = Debug|Any CPU
		{F3150834-B005-4A5F-8AB6-3AF58AAC804F}.Release|Any CPU.ActiveCfg = Release|Any CPU
		{F3150834-B005-4A5F-8AB6-3AF58AAC804F}.Release|Any CPU.Build.0 = Release|Any CPU
	EndGlobalSection
	GlobalSection(SolutionProperties) = preSolution
		HideSolutionNode = FALSE
	EndGlobalSection
	GlobalSection(ExtensibilityGlobals) = postSolution
		SolutionGuid = {8B7CF66E-DCEF-4B86-92D7-377C6301A639}
	EndGlobalSection
EndGlobal
